
Microsoft Visual Studio Solution File, Format Version 12.00
# Visual Studio Version 16
VisualStudioVersion = 16.0.32228.343
MinimumVisualStudioVersion = 10.0.40219.1
Project("{FAE04EC0-301F-11D3-BF4B-00C04F79EFBC}") = "ProjectManagementApp.Android", "ProjectManagementApp\ProjectManagementApp.Android\ProjectManagementApp.Android.csproj", "{6A176C16-251B-40AE-B756-69ACD5B56BC8}"
EndProject
Project("{FAE04EC0-301F-11D3-BF4B-00C04F79EFBC}") = "ProjectManagementApp.iOS", "ProjectManagementApp\ProjectManagementApp.iOS\ProjectManagementApp.iOS.csproj", "{57813C19-3876-48F1-868B-4ED9B38F8CC2}"
EndProject
Project("{FAE04EC0-301F-11D3-BF4B-00C04F79EFBC}") = "ProjectManagementApp", "ProjectManagementApp\ProjectManagementApp\ProjectManagementApp.csproj", "{4E76D180-585F-4FC6-8B09-EAD34DB8335D}"
EndProject
Global
	GlobalSection(SolutionConfigurationPlatforms) = preSolution
		Debug|Any CPU = Debug|Any CPU
		Debug|iPhone = Debug|iPhone
		Debug|iPhoneSimulator = Debug|iPhoneSimulator
		Release|Any CPU = Release|Any CPU
		Release|iPhone = Release|iPhone
		Release|iPhoneSimulator = Release|iPhoneSimulator
	EndGlobalSection
	GlobalSection(ProjectConfigurationPlatforms) = postSolution
		{6A176C16-251B-40AE-B756-69ACD5B56BC8}.Debug|Any CPU.ActiveCfg = Debug|Any CPU
		{6A176C16-251B-40AE-B756-69ACD5B56BC8}.Debug|Any CPU.Build.0 = Debug|Any CPU
		{6A176C16-251B-40AE-B756-69ACD5B56BC8}.Debug|Any CPU.Deploy.0 = Debug|Any CPU
		{6A176C16-251B-40AE-B756-69ACD5B56BC8}.Debug|iPhone.ActiveCfg = Debug|Any CPU
		{6A176C16-251B-40AE-B756-69ACD5B56BC8}.Debug|iPhone.Build.0 = Debug|Any CPU
		{6A176C16-251B-40AE-B756-69ACD5B56BC8}.Debug|iPhone.Deploy.0 = Debug|Any CPU
		{6A176C16-251B-40AE-B756-69ACD5B56BC8}.Debug|iPhoneSimulator.ActiveCfg = Debug|Any CPU
		{6A176C16-251B-40AE-B756-69ACD5B56BC8}.Debug|iPhoneSimulator.Build.0 = Debug|Any CPU
		{6A176C16-251B-40AE-B756-69ACD5B56BC8}.Debug|iPhoneSimulator.Deploy.0 = Debug|Any CPU
		{6A176C16-251B-40AE-B756-69ACD5B56BC8}.Release|Any CPU.ActiveCfg = Release|Any CPU
		{6A176C16-251B-40AE-B756-69ACD5B56BC8}.Release|Any CPU.Build.0 = Release|Any CPU
		{6A176C16-251B-40AE-B756-69ACD5B56BC8}.Release|Any CPU.Deploy.0 = Release|Any CPU
		{6A176C16-251B-40AE-B756-69ACD5B56BC8}.Release|iPhone.ActiveCfg = Release|Any CPU
		{6A176C16-251B-40AE-B756-69ACD5B56BC8}.Release|iPhone.Build.0 = Release|Any CPU
		{6A176C16-251B-40AE-B756-69ACD5B56BC8}.Release|iPhone.Deploy.0 = Release|Any CPU
		{6A176C16-251B-40AE-B756-69ACD5B56BC8}.Release|iPhoneSimulator.ActiveCfg = Release|Any CPU
		{6A176C16-251B-40AE-B756-69ACD5B56BC8}.Release|iPhoneSimulator.Build.0 = Release|Any CPU
		{6A176C16-251B-40AE-B756-69ACD5B56BC8}.Release|iPhoneSimulator.Deploy.0 = Release|Any CPU
		{57813C19-3876-48F1-868B-4ED9B38F8CC2}.Debug|Any CPU.ActiveCfg = Debug|iPhone
		{57813C19-3876-48F1-868B-4ED9B38F8CC2}.Debug|Any CPU.Build.0 = Debug|iPhone
		{57813C19-3876-48F1-868B-4ED9B38F8CC2}.Debug|Any CPU.Deploy.0 = Debug|iPhone
		{57813C19-3876-48F1-868B-4ED9B38F8CC2}.Debug|iPhone.ActiveCfg = Debug|iPhone
		{57813C19-3876-48F1-868B-4ED9B38F8CC2}.Debug|iPhone.Build.0 = Debug|iPhone
		{57813C19-3876-48F1-868B-4ED9B38F8CC2}.Debug|iPhone.Deploy.0 = Debug|iPhone
		{57813C19-3876-48F1-868B-4ED9B38F8CC2}.Debug|iPhoneSimulator.ActiveCfg = Debug|iPhoneSimulator
		{57813C19-3876-48F1-868B-4ED9B38F8CC2}.Debug|iPhoneSimulator.Build.0 = Debug|iPhoneSimulator
		{57813C19-3876-48F1-868B-4ED9B38F8CC2}.Debug|iPhoneSimulator.Deploy.0 = Debug|iPhoneSimulator
		{57813C19-3876-48F1-868B-4ED9B38F8CC2}.Release|Any CPU.ActiveCfg = Release|iPhoneSimulator
		{57813C19-3876-48F1-868B-4ED9B38F8CC2}.Release|Any CPU.Build.0 = Release|iPhoneSimulator
		{57813C19-3876-48F1-868B-4ED9B38F8CC2}.Release|Any CPU.Deploy.0 = Release|iPhoneSimulator
		{57813C19-3876-48F1-868B-4ED9B38F8CC2}.Release|iPhone.ActiveCfg = Release|iPhone
		{57813C19-3876-48F1-868B-4ED9B38F8CC2}.Release|iPhone.Build.0 = Release|iPhone
		{57813C19-3876-48F1-868B-4ED9B38F8CC2}.Release|iPhone.Deploy.0 = Release|iPhone
		{57813C19-3876-48F1-868B-4ED9B38F8CC2}.Release|iPhoneSimulator.ActiveCfg = Release|iPhoneSimulator
		{57813C19-3876-48F1-868B-4ED9B38F8CC2}.Release|iPhoneSimulator.Build.0 = Release|iPhoneSimulator
		{57813C19-3876-48F1-868B-4ED9B38F8CC2}.Release|iPhoneSimulator.Deploy.0 = Release|iPhoneSimulator
		{4E76D180-585F-4FC6-8B09-EAD34DB8335D}.Debug|Any CPU.ActiveCfg = Debug|Any CPU
		{4E76D180-585F-4FC6-8B09-EAD34DB8335D}.Debug|Any CPU.Build.0 = Debug|Any CPU
		{4E76D180-585F-4FC6-8B09-EAD34DB8335D}.Debug|Any CPU.Deploy.0 = Debug|Any CPU
		{4E76D180-585F-4FC6-8B09-EAD34DB8335D}.Debug|iPhone.ActiveCfg = Debug|Any CPU
		{4E76D180-585F-4FC6-8B09-EAD34DB8335D}.Debug|iPhone.Build.0 = Debug|Any CPU
		{4E76D180-585F-4FC6-8B09-EAD34DB8335D}.Debug|iPhone.Deploy.0 = Debug|Any CPU
		{4E76D180-585F-4FC6-8B09-EAD34DB8335D}.Debug|iPhoneSimulator.ActiveCfg = Debug|Any CPU
		{4E76D180-585F-4FC6-8B09-EAD34DB8335D}.Debug|iPhoneSimulator.Build.0 = Debug|Any CPU
		{4E76D180-585F-4FC6-8B09-EAD34DB8335D}.Debug|iPhoneSimulator.Deploy.0 = Debug|Any CPU
		{4E76D180-585F-4FC6-8B09-EAD34DB8335D}.Release|Any CPU.ActiveCfg = Release|Any CPU
		{4E76D180-585F-4FC6-8B09-EAD34DB8335D}.Release|Any CPU.Build.0 = Release|Any CPU
		{4E76D180-585F-4FC6-8B09-EAD34DB8335D}.Release|Any CPU.Deploy.0 = Release|Any CPU
		{4E76D180-585F-4FC6-8B09-EAD34DB8335D}.Release|iPhone.ActiveCfg = Release|Any CPU
		{4E76D180-585F-4FC6-8B09-EAD34DB8335D}.Release|iPhone.Build.0 = Release|Any CPU
		{4E76D180-585F-4FC6-8B09-EAD34DB8335D}.Release|iPhone.Deploy.0 = Release|Any CPU
		{4E76D180-585F-4FC6-8B09-EAD34DB8335D}.Release|iPhoneSimulator.ActiveCfg = Release|Any CPU
		{4E76D180-585F-4FC6-8B09-EAD34DB8335D}.Release|iPhoneSimulator.Build.0 = Release|Any CPU
		{4E76D180-585F-4FC6-8B09-EAD34DB8335D}.Release|iPhoneSimulator.Deploy.0 = Release|Any CPU
	EndGlobalSection
	GlobalSection(SolutionProperties) = preSolution
		HideSolutionNode = FALSE
	EndGlobalSection
	GlobalSection(ExtensibilityGlobals) = postSolution
		SolutionGuid = {DD003936-7AB9-4066-8940-0D7CB97CDDC8}
	EndGlobalSection
EndGlobal
